// !$*UTF8*$!
{
	archiveVersion = 1;
	classes = {
	};
	objectVersion = 55;
	objects = {

/* Begin PBXBuildFile section */
		02A02A682865AE3F00EB2401 /* AppDelegate.swift in Sources */ = {isa = PBXBuildFile; fileRef = 02A02A672865AE3F00EB2401 /* AppDelegate.swift */; };
		02A02A6A2865AE3F00EB2401 /* SceneDelegate.swift in Sources */ = {isa = PBXBuildFile; fileRef = 02A02A692865AE3F00EB2401 /* SceneDelegate.swift */; };
		02A02A6C2865AE3F00EB2401 /* SettingsViewController.swift in Sources */ = {isa = PBXBuildFile; fileRef = 02A02A6B2865AE3F00EB2401 /* SettingsViewController.swift */; };
		02A02A6F2865AE3F00EB2401 /* Main.storyboard in Resources */ = {isa = PBXBuildFile; fileRef = 02A02A6D2865AE3F00EB2401 /* Main.storyboard */; };
		02A02A712865AE4000EB2401 /* Assets.xcassets in Resources */ = {isa = PBXBuildFile; fileRef = 02A02A702865AE4000EB2401 /* Assets.xcassets */; };
		02A02A742865AE4000EB2401 /* LaunchScreen.storyboard in Resources */ = {isa = PBXBuildFile; fileRef = 02A02A722865AE4000EB2401 /* LaunchScreen.storyboard */; };
		02FC7C07287DF204005C5FD4 /* MainViewController.swift in Sources */ = {isa = PBXBuildFile; fileRef = 02FC7C06287DF204005C5FD4 /* MainViewController.swift */; };
/* End PBXBuildFile section */

/* Begin PBXFileReference section */
		02A02A642865AE3F00EB2401 /* HomeWorkFor2.4Lession.app */ = {isa = PBXFileReference; explicitFileType = wrapper.application; includeInIndex = 0; path = HomeWorkFor2.4Lession.app; sourceTree = BUILT_PRODUCTS_DIR; };
		02A02A672865AE3F00EB2401 /* AppDelegate.swift */ = {isa = PBXFileReference; lastKnownFileType = sourcecode.swift; path = AppDelegate.swift; sourceTree = "<group>"; };
		02A02A692865AE3F00EB2401 /* SceneDelegate.swift */ = {isa = PBXFileReference; lastKnownFileType = sourcecode.swift; path = SceneDelegate.swift; sourceTree = "<group>"; };
		02A02A6B2865AE3F00EB2401 /* SettingsViewController.swift */ = {isa = PBXFileReference; lastKnownFileType = sourcecode.swift; path = SettingsViewController.swift; sourceTree = "<group>"; };
		02A02A6E2865AE3F00EB2401 /* Base */ = {isa = PBXFileReference; lastKnownFileType = file.storyboard; name = Base; path = Base.lproj/Main.storyboard; sourceTree = "<group>"; };
		02A02A702865AE4000EB2401 /* Assets.xcassets */ = {isa = PBXFileReference; lastKnownFileType = folder.assetcatalog; path = Assets.xcassets; sourceTree = "<group>"; };
		02A02A732865AE4000EB2401 /* Base */ = {isa = PBXFileReference; lastKnownFileType = file.storyboard; name = Base; path = Base.lproj/LaunchScreen.storyboard; sourceTree = "<group>"; };
		02A02A752865AE4000EB2401 /* Info.plist */ = {isa = PBXFileReference; lastKnownFileType = text.plist.xml; path = Info.plist; sourceTree = "<group>"; };
		02FC7C06287DF204005C5FD4 /* MainViewController.swift */ = {isa = PBXFileReference; lastKnownFileType = sourcecode.swift; path = MainViewController.swift; sourceTree = "<group>"; };
/* End PBXFileReference section */

/* Begin PBXFrameworksBuildPhase section */
		02A02A612865AE3F00EB2401 /* Frameworks */ = {
			isa = PBXFrameworksBuildPhase;
			buildActionMask = 2147483647;
			files = (
			);
			runOnlyForDeploymentPostprocessing = 0;
		};
/* End PBXFrameworksBuildPhase section */

/* Begin PBXGroup section */
		02A02A5B2865AE3F00EB2401 = {
			isa = PBXGroup;
			children = (
				02A02A662865AE3F00EB2401 /* HomeWorkFor2.4Lession */,
				02A02A652865AE3F00EB2401 /* Products */,
			);
			sourceTree = "<group>";
		};
		02A02A652865AE3F00EB2401 /* Products */ = {
			isa = PBXGroup;
			children = (
				02A02A642865AE3F00EB2401 /* HomeWorkFor2.4Lession.app */,
			);
			name = Products;
			sourceTree = "<group>";
		};
		02A02A662865AE3F00EB2401 /* HomeWorkFor2.4Lession */ = {
			isa = PBXGroup;
			children = (
				02A02A672865AE3F00EB2401 /* AppDelegate.swift */,
				02A02A692865AE3F00EB2401 /* SceneDelegate.swift */,
				02A02A6B2865AE3F00EB2401 /* SettingsViewController.swift */,
				02FC7C06287DF204005C5FD4 /* MainViewController.swift */,
				02A02A6D2865AE3F00EB2401 /* Main.storyboard */,
				02A02A702865AE4000EB2401 /* Assets.xcassets */,
				02A02A722865AE4000EB2401 /* LaunchScreen.storyboard */,
				02A02A752865AE4000EB2401 /* Info.plist */,
			);
			path = HomeWorkFor2.4Lession;
			sourceTree = "<group>";
		};
/* End PBXGroup section */

/* Begin PBXNativeTarget section */
		02A02A632865AE3F00EB2401 /* HomeWorkFor2.4Lession */ = {
			isa = PBXNativeTarget;
			buildConfigurationList = 02A02A782865AE4000EB2401 /* Build configuration list for PBXNativeTarget "HomeWorkFor2.4Lession" */;
			buildPhases = (
				02A02A602865AE3F00EB2401 /* Sources */,
				02A02A612865AE3F00EB2401 /* Frameworks */,
				02A02A622865AE3F00EB2401 /* Resources */,
			);
			buildRules = (
			);
			dependencies = (
			);
			name = HomeWorkFor2.4Lession;
			productName = HomeWorkFor2.4Lession;
			productReference = 02A02A642865AE3F00EB2401 /* HomeWorkFor2.4Lession.app */;
			productType = "com.apple.product-type.application";
		};
/* End PBXNativeTarget section */

/* Begin PBXProject section */
		02A02A5C2865AE3F00EB2401 /* Project object */ = {
			isa = PBXProject;
			attributes = {
				BuildIndependentTargetsInParallel = 1;
				LastSwiftUpdateCheck = 1330;
				LastUpgradeCheck = 1330;
				TargetAttributes = {
					02A02A632865AE3F00EB2401 = {
						CreatedOnToolsVersion = 13.3;
					};
				};
			};
			buildConfigurationList = 02A02A5F2865AE3F00EB2401 /* Build configuration list for PBXProject "HomeWorkFor2.4Lession" */;
			compatibilityVersion = "Xcode 13.0";
			developmentRegion = en;
			hasScannedForEncodings = 0;
			knownRegions = (
				en,
				Base,
			);
			mainGroup = 02A02A5B2865AE3F00EB2401;
			productRefGroup = 02A02A652865AE3F00EB2401 /* Products */;
			projectDirPath = "";
			projectRoot = "";
			targets = (
				02A02A632865AE3F00EB2401 /* HomeWorkFor2.4Lession */,
			);
		};
/* End PBXProject section */

/* Begin PBXResourcesBuildPhase section */
		02A02A622865AE3F00EB2401 /* Resources */ = {
			isa = PBXResourcesBuildPhase;
			buildActionMask = 2147483647;
			files = (
				02A02A742865AE4000EB2401 /* LaunchScreen.storyboard in Resources */,
				02A02A712865AE4000EB2401 /* Assets.xcassets in Resources */,
				02A02A6F2865AE3F00EB2401 /* Main.storyboard in Resources */,
			);
			runOnlyForDeploymentPostprocessing = 0;
		};
/* End PBXResourcesBuildPhase section */

/* Begin PBXSourcesBuildPhase section */
		02A02A602865AE3F00EB2401 /* Sources */ = {
			isa = PBXSourcesBuildPhase;
			buildActionMask = 2147483647;
			files = (
				02A02A6C2865AE3F00EB2401 /* SettingsViewController.swift in Sources */,
				02A02A682865AE3F00EB2401 /* AppDelegate.swift in Sources */,
				02A02A6A2865AE3F00EB2401 /* SceneDelegate.swift in Sources */,
				02FC7C07287DF204005C5FD4 /* MainViewController.swift in Sources */,
			);
			runOnlyForDeploymentPostprocessing = 0;
		};
/* End PBXSourcesBuildPhase section */

/* Begin PBXVariantGroup section */
		02A02A6D2865AE3F00EB2401 /* Main.storyboard */ = {
			isa = PBXVariantGroup;
			children = (
				02A02A6E2865AE3F00EB2401 /* Base */,
			);
			name = Main.storyboard;
			sourceTree = "<group>";
		};
		02A02A722865AE4000EB2401 /* LaunchScreen.storyboard */ = {
			isa = PBXVariantGroup;
			children = (
				02A02A732865AE4000EB2401 /* Base */,
			);
			name = LaunchScreen.storyboard;
			sourceTree = "<group>";
		};
/* End PBXVariantGroup section */

/* Begin XCBuildConfiguration section */
		02A02A762865AE4000EB2401 /* Debug */ = {
			isa = XCBuildConfiguration;
			buildSettings = {
				ALWAYS_SEARCH_USER_PATHS = NO;
				CLANG_ANALYZER_NONNULL = YES;
				CLANG_ANALYZER_NUMBER_OBJECT_CONVERSION = YES_AGGRESSIVE;
				CLANG_CXX_LANGUAGE_STANDARD = "gnu++17";
				CLANG_ENABLE_MODULES = YES;
				CLANG_ENABLE_OBJC_ARC = YES;
				CLANG_ENABLE_OBJC_WEAK = YES;
				CLANG_WARN_BLOCK_CAPTURE_AUTORELEASING = YES;
				CLANG_WARN_BOOL_CONVERSION = YES;
				CLANG_WARN_COMMA = YES;
				CLANG_WARN_CONSTANT_CONVERSION = YES;
				CLANG_WARN_DEPRECATED_OBJC_IMPLEMENTATIONS = YES;
				CLANG_WARN_DIRECT_OBJC_ISA_USAGE = YES_ERROR;
				CLANG_WARN_DOCUMENTATION_COMMENTS = YES;
				CLANG_WARN_EMPTY_BODY = YES;
				CLANG_WARN_ENUM_CONVERSION = YES;
				CLANG_WARN_INFINITE_RECURSION = YES;
				CLANG_WARN_INT_CONVERSION = YES;
				CLANG_WARN_NON_LITERAL_NULL_CONVERSION = YES;
				CLANG_WARN_OBJC_IMPLICIT_RETAIN_SELF = YES;
				CLANG_WARN_OBJC_LITERAL_CONVERSION = YES;
				CLANG_WARN_OBJC_ROOT_CLASS = YES_ERROR;
				CLANG_WARN_QUOTED_INCLUDE_IN_FRAMEWORK_HEADER = YES;
				CLANG_WARN_RANGE_LOOP_ANALYSIS = YES;
				CLANG_WARN_STRICT_PROTOTYPES = YES;
				CLANG_WARN_SUSPICIOUS_MOVE = YES;
				CLANG_WARN_UNGUARDED_AVAILABILITY = YES_AGGRESSIVE;
				CLANG_WARN_UNREACHABLE_CODE = YES;
				CLANG_WARN__DUPLICATE_METHOD_MATCH = YES;
				COPY_PHASE_STRIP = NO;
				DEBUG_INFORMATION_FORMAT = dwarf;
				ENABLE_STRICT_OBJC_MSGSEND = YES;
				ENABLE_TESTABILITY = YES;
				GCC_C_LANGUAGE_STANDARD = gnu11;
				GCC_DYNAMIC_NO_PIC = NO;
				GCC_NO_COMMON_BLOCKS = YES;
				GCC_OPTIMIZATION_LEVEL = 0;
				GCC_PREPROCESSOR_DEFINITIONS = (
					"DEBUG=1",
					"$(inherited)",
				);
				GCC_WARN_64_TO_32_BIT_CONVERSION = YES;
				GCC_WARN_ABOUT_RETURN_TYPE = YES_ERROR;
				GCC_WARN_UNDECLARED_SELECTOR = YES;
				GCC_WARN_UNINITIALIZED_AUTOS = YES_AGGRESSIVE;
				GCC_WARN_UNUSED_FUNCTION = YES;
				GCC_WARN_UNUSED_VARIABLE = YES;
				IPHONEOS_DEPLOYMENT_TARGET = 15.4;
				MTL_ENABLE_DEBUG_INFO = INCLUDE_SOURCE;
				MTL_FAST_MATH = YES;
				ONLY_ACTIVE_ARCH = YES;
				SDKROOT = iphoneos;
				SWIFT_ACTIVE_COMPILATION_CONDITIONS = DEBUG;
				SWIFT_OPTIMIZATION_LEVEL = "-Onone";
			};
			name = Debug;
		};
		02A02A772865AE4000EB2401 /* Release */ = {
			isa = XCBuildConfiguration;
			buildSettings = {
				ALWAYS_SEARCH_USER_PATHS = NO;
				CLANG_ANALYZER_NONNULL = YES;
				CLANG_ANALYZER_NUMBER_OBJECT_CONVERSION = YES_AGGRESSIVE;
				CLANG_CXX_LANGUAGE_STANDARD = "gnu++17";
				CLANG_ENABLE_MODULES = YES;
				CLANG_ENABLE_OBJC_ARC = YES;
				CLANG_ENABLE_OBJC_WEAK = YES;
				CLANG_WARN_BLOCK_CAPTURE_AUTORELEASING = YES;
				CLANG_WARN_BOOL_CONVERSION = YES;
				CLANG_WARN_COMMA = YES;
				CLANG_WARN_CONSTANT_CONVERSION = YES;
				CLANG_WARN_DEPRECATED_OBJC_IMPLEMENTATIONS = YES;
				CLANG_WARN_DIRECT_OBJC_ISA_USAGE = YES_ERROR;
				CLANG_WARN_DOCUMENTATION_COMMENTS = YES;
				CLANG_WARN_EMPTY_BODY = YES;
				CLANG_WARN_ENUM_CONVERSION = YES;
				CLANG_WARN_INFINITE_RECURSION = YES;
				CLANG_WARN_INT_CONVERSION = YES;
				CLANG_WARN_NON_LITERAL_NULL_CONVERSION = YES;
				CLANG_WARN_OBJC_IMPLICIT_RETAIN_SELF = YES;
				CLANG_WARN_OBJC_LITERAL_CONVERSION = YES;
				CLANG_WARN_OBJC_ROOT_CLASS = YES_ERROR;
				CLANG_WARN_QUOTED_INCLUDE_IN_FRAMEWORK_HEADER = YES;
				CLANG_WARN_RANGE_LOOP_ANALYSIS = YES;
				CLANG_WARN_STRICT_PROTOTYPES = YES;
				CLANG_WARN_SUSPICIOUS_MOVE = YES;
				CLANG_WARN_UNGUARDED_AVAILABILITY = YES_AGGRESSIVE;
				CLANG_WARN_UNREACHABLE_CODE = YES;
				CLANG_WARN__DUPLICATE_METHOD_MATCH = YES;
				COPY_PHASE_STRIP = NO;
				DEBUG_INFORMATION_FORMAT = "dwarf-with-dsym";
				ENABLE_NS_ASSERTIONS = NO;
				ENABLE_STRICT_OBJC_MSGSEND = YES;
				GCC_C_LANGUAGE_STANDARD = gnu11;
				GCC_NO_COMMON_BLOCKS = YES;
				GCC_WARN_64_TO_32_BIT_CONVERSION = YES;
				GCC_WARN_ABOUT_RETURN_TYPE = YES_ERROR;
				GCC_WARN_UNDECLARED_SELECTOR = YES;
				GCC_WARN_UNINITIALIZED_AUTOS = YES_AGGRESSIVE;
				GCC_WARN_UNUSED_FUNCTION = YES;
				GCC_WARN_UNUSED_VARIABLE = YES;
				IPHONEOS_DEPLOYMENT_TARGET = 15.4;
				MTL_ENABLE_DEBUG_INFO = NO;
				MTL_FAST_MATH = YES;
				SDKROOT = iphoneos;
				SWIFT_COMPILATION_MODE = wholemodule;
				SWIFT_OPTIMIZATION_LEVEL = "-O";
				VALIDATE_PRODUCT = YES;
			};
			name = Release;
		};
		02A02A792865AE4000EB2401 /* Debug */ = {
			isa = XCBuildConfiguration;
			buildSettings = {
				ASSETCATALOG_COMPILER_APPICON_NAME = AppIcon;
				ASSETCATALOG_COMPILER_GLOBAL_ACCENT_COLOR_NAME = AccentColor;
				CODE_SIGN_STYLE = Automatic;
				CURRENT_PROJECT_VERSION = 1;
				DEVELOPMENT_TEAM = R82749YG66;
				GENERATE_INFOPLIST_FILE = YES;
				INFOPLIST_FILE = HomeWorkFor2.4Lession/Info.plist;
				INFOPLIST_KEY_UIApplicationSupportsIndirectInputEvents = YES;
				INFOPLIST_KEY_UILaunchStoryboardName = LaunchScreen;
				INFOPLIST_KEY_UIMainStoryboardFile = Main;
				INFOPLIST_KEY_UISupportedInterfaceOrientations = UIInterfaceOrientationPortrait;
				INFOPLIST_KEY_UISupportedInterfaceOrientations_iPad = "UIInterfaceOrientationPortrait UIInterfaceOrientationPortraitUpsideDown UIInterfaceOrientationLandscapeLeft UIInterfaceOrientationLandscapeRight";
				INFOPLIST_KEY_UISupportedInterfaceOrientations_iPhone = "UIInterfaceOrientationPortrait UIInterfaceOrientationLandscapeLeft UIInterfaceOrientationLandscapeRight";
				LD_RUNPATH_SEARCH_PATHS = (
					"$(inherited)",
					"@executable_path/Frameworks",
				);
				MARKETING_VERSION = 1.0;
				PRODUCT_BUNDLE_IDENTIFIER = "sibe57.HomeWorkFor2-4Lession";
				PRODUCT_NAME = "$(TARGET_NAME)";
				SWIFT_EMIT_LOC_STRINGS = YES;
				SWIFT_VERSION = 5.0;
				TARGETED_DEVICE_FAMILY = 1;
			};
			name = Debug;
		};
		02A02A7A2865AE4000EB2401 /* Release */ = {
			isa = XCBuildConfiguration;
			buildSettings = {
				ASSETCATALOG_COMPILER_APPICON_NAME = AppIcon;
				ASSETCATALOG_COMPILER_GLOBAL_ACCENT_COLOR_NAME = AccentColor;
				CODE_SIGN_STYLE = Automatic;
				CURRENT_PROJECT_VERSION = 1;
				DEVELOPMENT_TEAM = R82749YG66;
				GENERATE_INFOPLIST_FILE = YES;
				INFOPLIST_FILE = HomeWorkFor2.4Lession/Info.plist;
				INFOPLIST_KEY_UIApplicationSupportsIndirectInputEvents = YES;
				INFOPLIST_KEY_UILaunchStoryboardName = LaunchScreen;
				INFOPLIST_KEY_UIMainStoryboardFile = Main;
				INFOPLIST_KEY_UISupportedInterfaceOrientations = UIInterfaceOrientationPortrait;
				INFOPLIST_KEY_UISupportedInterfaceOrientations_iPad = "UIInterfaceOrientationPortrait UIInterfaceOrientationPortraitUpsideDown UIInterfaceOrientationLandscapeLeft UIInterfaceOrientationLandscapeRight";
				INFOPLIST_KEY_UISupportedInterfaceOrientations_iPhone = "UIInterfaceOrientationPortrait UIInterfaceOrientationLandscapeLeft UIInterfaceOrientationLandscapeRight";
				LD_RUNPATH_SEARCH_PATHS = (
					"$(inherited)",
					"@executable_path/Frameworks",
				);
				MARKETING_VERSION = 1.0;
				PRODUCT_BUNDLE_IDENTIFIER = "sibe57.HomeWorkFor2-4Lession";
				PRODUCT_NAME = "$(TARGET_NAME)";
				SWIFT_EMIT_LOC_STRINGS = YES;
				SWIFT_VERSION = 5.0;
				TARGETED_DEVICE_FAMILY = 1;
			};
			name = Release;
		};
/* End XCBuildConfiguration section */

/* Begin XCConfigurationList section */
		02A02A5F2865AE3F00EB2401 /* Build configuration list for PBXProject "HomeWorkFor2.4Lession" */ = {
			isa = XCConfigurationList;
			buildConfigurations = (
				02A02A762865AE4000EB2401 /* Debug */,
				02A02A772865AE4000EB2401 /* Release */,
			);
			defaultConfigurationIsVisible = 0;
			defaultConfigurationName = Release;
		};
		02A02A782865AE4000EB2401 /* Build configuration list for PBXNativeTarget "HomeWorkFor2.4Lession" */ = {
			isa = XCConfigurationList;
			buildConfigurations = (
				02A02A792865AE4000EB2401 /* Debug */,
				02A02A7A2865AE4000EB2401 /* Release */,
			);
			defaultConfigurationIsVisible = 0;
			defaultConfigurationName = Release;
		};
/* End XCConfigurationList section */
	};
	rootObject = 02A02A5C2865AE3F00EB2401 /* Project object */;
}
